{
  "name": "@qpoint/htmlrewriter",
  "version": "0.0.1",
  "lockfileVersion": 3,
  "requires": true,
  "packages": {
    "": {
      "name": "@qpoint/htmlrewriter",
      "version": "0.0.1",
      "license": "Apache-2.0",
      "dependencies": {
        "htmlrewriter": "^0.0.4"
      },
      "devDependencies": {
        "typescript": "^5.3.3"
      }
    },
    "node_modules/htmlrewriter": {
      "version": "0.0.4",
      "resolved": "https://registry.npmjs.org/htmlrewriter/-/htmlrewriter-0.0.4.tgz",
      "integrity": "sha512-zfU0WUhJMH85vvS4bE5A2DwiMIgF4fI5lkMIDDE4wDC7LCS1Z6IGOyEsjZcjzgJ+A/tQZ4WSsaE9qPIjbaVKgQ=="
    },
    "node_modules/typescript": {
      "version": "5.3.3",
      "resolved": "https://registry.npmjs.org/typescript/-/typescript-5.3.3.tgz",
      "integrity": "sha512-pXWcraxM0uxAS+tN0AG/BF2TyqmHO014Z070UsJ+pFvYuRSq8KH8DmWpnbXe0pEPDHXZV3FcAbJkijJ5oNEnWw==",
      "dev": true,
      "bin": {
        "tsc": "bin/tsc",
        "tsserver": "bin/tsserver"
      },
      "engines": {
        "node": ">=14.17"
      }
    }
  }
}
